lockfileVersion: '9.0'

settings:
  autoInstallPeers: true
  excludeLinksFromLockfile: false

importers:

  .:
    dependencies:
      '@color-pen/static':
        specifier: ^1.0.0
        version: 1.0.0
      '@qqi/log':
        specifier: ^0.1.0
        version: 0.1.0
      a-js-tools:
        specifier: ^1.0.8
        version: 1.0.9
      a-type-of-js:
        specifier: ^1.0.5
        version: 1.0.5
      color-pen:
        specifier: ^2.0.12
        version: 2.0.12

packages:

  '@color-pen/static@1.0.0':
    resolution: {integrity: sha512-iHgpdpOwLNMiPF/OrBH3O1Dic/bUZ2Sm6rApSCIR+gcY5oYkIY5iZQ2jRgG/9xv5ozA3hJf9pEeBBM5CmLfjTg==}
    engines: {node: '>=12.0.0'}

  '@qqi/log@0.1.0':
    resolution: {integrity: sha512-Ewyd0/5CqiRSbAwZOj8wW3WiKX0LIc+aHwzqCM59Ta4cpcOgcvbfNO7N/2qSrH5Kb/OwdN82ASg/6KO0saOlyA==}
    engines: {node: '>=18.0.0'}

  a-js-tools@1.0.9:
    resolution: {integrity: sha512-iPV6VATc12iaruG8H6LgDfyBMVe+pp3Ipdu0aon5QYUypbT1y1N6ZLekK4KiCtt5SX64u7H89JiRNZvYYZ4NaA==}
    engines: {node: '>=15.0.0'}

  a-type-of-js@1.0.5:
    resolution: {integrity: sha512-juid2xBG8CGAfUOR+Mm8YtueQJUfFRCba/2mu2YFXICq3oqa8pNey+vwmWF2jXIrCbIKCNQzolsxIPPrdPMK+Q==}

  color-pen@2.0.12:
    resolution: {integrity: sha512-yAeIhIBMs0dM3qvSwRtUtaiEUccEK5zrdqHbth13318iUx4ArzH/P6NVTyu9E8n6RrXnW69ceopEg1pR8giPEg==}
    engines: {node: '>=12.0.0'}

snapshots:

  '@color-pen/static@1.0.0': {}

  '@qqi/log@0.1.0':
    dependencies:
      '@color-pen/static': 1.0.0
      a-js-tools: 1.0.9
      a-type-of-js: 1.0.5
      color-pen: 2.0.12

  a-js-tools@1.0.9:
    dependencies:
      a-type-of-js: 1.0.5

  a-type-of-js@1.0.5: {}

  color-pen@2.0.12:
    dependencies:
      '@color-pen/static': 1.0.0
      a-js-tools: 1.0.9
      a-type-of-js: 1.0.5
